
Microsoft Visual Studio Solution File, Format Version 11.00
# Visual Studio 2010
Project("{FAE04EC0-301F-11D3-BF4B-00C04F79EFBC}") = "Domotica", "Domotica\Domotica.csproj", "{4B8C1353-64FA-452A-BDFE-2AE0BF773B6C}"
EndProject
Project("{FAE04EC0-301F-11D3-BF4B-00C04F79EFBC}") = "MIP", "MIP\MIP.csproj", "{599FD624-A5E4-4F0F-896B-C91C11E5EE91}"
EndProject
Global
	GlobalSection(SolutionConfigurationPlatforms) = preSolution
		Debug|Any CPU = Debug|Any CPU
		Release|Any CPU = Release|Any CPU
	EndGlobalSection
	GlobalSection(ProjectConfigurationPlatforms) = postSolution
		{4B8C1353-64FA-452A-BDFE-2AE0BF773B6C}.Debug|Any CPU.ActiveCfg = Debug|Any CPU
		{4B8C1353-64FA-452A-BDFE-2AE0BF773B6C}.Debug|Any CPU.Build.0 = Debug|Any CPU
		{4B8C1353-64FA-452A-BDFE-2AE0BF773B6C}.Release|Any CPU.ActiveCfg = Release|Any CPU
		{4B8C1353-64FA-452A-BDFE-2AE0BF773B6C}.Release|Any CPU.Build.0 = Release|Any CPU
		{599FD624-A5E4-4F0F-896B-C91C11E5EE91}.Debug|Any CPU.ActiveCfg = Debug|Any CPU
		{599FD624-A5E4-4F0F-896B-C91C11E5EE91}.Debug|Any CPU.Build.0 = Debug|Any CPU
		{599FD624-A5E4-4F0F-896B-C91C11E5EE91}.Release|Any CPU.ActiveCfg = Release|Any CPU
		{599FD624-A5E4-4F0F-896B-C91C11E5EE91}.Release|Any CPU.Build.0 = Release|Any CPU
	EndGlobalSection
	GlobalSection(SolutionProperties) = preSolution
		HideSolutionNode = FALSE
	EndGlobalSection
EndGlobal
